
Microsoft Visual Studio Solution File, Format Version 12.00
# Visual Studio Version 16
VisualStudioVersion = 16.0.30114.105
MinimumVisualStudioVersion = 10.0.40219.1
Project("{FAE04EC0-301F-11D3-BF4B-00C04F79EFBC}") = "CleanArchMvc.Application", "CleanArchMvc.Application\CleanArchMvc.Application.csproj", "{95CD9063-9AD7-4A90-AF38-C826F71D1120}"
EndProject
Project("{FAE04EC0-301F-11D3-BF4B-00C04F79EFBC}") = "CleanArchMvc.Domain", "CleanArchMvc.Domain\CleanArchMvc.Domain.csproj", "{ADE10895-0CC6-4940-9219-F7CBFF89F155}"
EndProject
Project("{FAE04EC0-301F-11D3-BF4B-00C04F79EFBC}") = "CleanArchMvc.Infra.Data", "CleanArchMvc.Infra.Data\CleanArchMvc.Infra.Data.csproj", "{BAD993B4-4F18-49EB-8949-22B694876EA3}"
EndProject
Project("{FAE04EC0-301F-11D3-BF4B-00C04F79EFBC}") = "CleanArchMvc.Infra.IoC", "CleanArchMvc.Infra.IoC\CleanArchMvc.Infra.IoC.csproj", "{BA04B9E5-E0EF-44C2-8308-2E9298E9C9B7}"
EndProject
Project("{FAE04EC0-301F-11D3-BF4B-00C04F79EFBC}") = "CleanArchMvc.WebUI", "CleanArchMvc.WebUI\CleanArchMvc.WebUI.csproj", "{32C33475-CD29-4327-A0DB-17E87CF8D160}"
EndProject
Project("{FAE04EC0-301F-11D3-BF4B-00C04F79EFBC}") = "CleanArchMvc.Domain.Tests", "CleanArchMvc.Domain.Tests\CleanArchMvc.Domain.Tests.csproj", "{0D7AC947-F4D5-440A-B102-1BD62DFFA61D}"
EndProject
Global
	GlobalSection(SolutionConfigurationPlatforms) = preSolution
		Debug|Any CPU = Debug|Any CPU
		Debug|x64 = Debug|x64
		Debug|x86 = Debug|x86
		Release|Any CPU = Release|Any CPU
		Release|x64 = Release|x64
		Release|x86 = Release|x86
	EndGlobalSection
	GlobalSection(SolutionProperties) = preSolution
		HideSolutionNode = FALSE
	EndGlobalSection
	GlobalSection(ProjectConfigurationPlatforms) = postSolution
		{95CD9063-9AD7-4A90-AF38-C826F71D1120}.Debug|Any CPU.ActiveCfg = Debug|Any CPU
		{95CD9063-9AD7-4A90-AF38-C826F71D1120}.Debug|Any CPU.Build.0 = Debug|Any CPU
		{95CD9063-9AD7-4A90-AF38-C826F71D1120}.Debug|x64.ActiveCfg = Debug|Any CPU
		{95CD9063-9AD7-4A90-AF38-C826F71D1120}.Debug|x64.Build.0 = Debug|Any CPU
		{95CD9063-9AD7-4A90-AF38-C826F71D1120}.Debug|x86.ActiveCfg = Debug|Any CPU
		{95CD9063-9AD7-4A90-AF38-C826F71D1120}.Debug|x86.Build.0 = Debug|Any CPU
		{95CD9063-9AD7-4A90-AF38-C826F71D1120}.Release|Any CPU.ActiveCfg = Release|Any CPU
		{95CD9063-9AD7-4A90-AF38-C826F71D1120}.Release|Any CPU.Build.0 = Release|Any CPU
		{95CD9063-9AD7-4A90-AF38-C826F71D1120}.Release|x64.ActiveCfg = Release|Any CPU
		{95CD9063-9AD7-4A90-AF38-C826F71D1120}.Release|x64.Build.0 = Release|Any CPU
		{95CD9063-9AD7-4A90-AF38-C826F71D1120}.Release|x86.ActiveCfg = Release|Any CPU
		{95CD9063-9AD7-4A90-AF38-C826F71D1120}.Release|x86.Build.0 = Release|Any CPU
		{ADE10895-0CC6-4940-9219-F7CBFF89F155}.Debug|Any CPU.ActiveCfg = Debug|Any CPU
		{ADE10895-0CC6-4940-9219-F7CBFF89F155}.Debug|Any CPU.Build.0 = Debug|Any CPU
		{ADE10895-0CC6-4940-9219-F7CBFF89F155}.Debug|x64.ActiveCfg = Debug|Any CPU
		{ADE10895-0CC6-4940-9219-F7CBFF89F155}.Debug|x64.Build.0 = Debug|Any CPU
		{ADE10895-0CC6-4940-9219-F7CBFF89F155}.Debug|x86.ActiveCfg = Debug|Any CPU
		{ADE10895-0CC6-4940-9219-F7CBFF89F155}.Debug|x86.Build.0 = Debug|Any CPU
		{ADE10895-0CC6-4940-9219-F7CBFF89F155}.Release|Any CPU.ActiveCfg = Release|Any CPU
		{ADE10895-0CC6-4940-9219-F7CBFF89F155}.Release|Any CPU.Build.0 = Release|Any CPU
		{ADE10895-0CC6-4940-9219-F7CBFF89F155}.Release|x64.ActiveCfg = Release|Any CPU
		{ADE10895-0CC6-4940-9219-F7CBFF89F155}.Release|x64.Build.0 = Release|Any CPU
		{ADE10895-0CC6-4940-9219-F7CBFF89F155}.Release|x86.ActiveCfg = Release|Any CPU
		{ADE10895-0CC6-4940-9219-F7CBFF89F155}.Release|x86.Build.0 = Release|Any CPU
		{BAD993B4-4F18-49EB-8949-22B694876EA3}.Debug|Any CPU.ActiveCfg = Debug|Any CPU
		{BAD993B4-4F18-49EB-8949-22B694876EA3}.Debug|Any CPU.Build.0 = Debug|Any CPU
		{BAD993B4-4F18-49EB-8949-22B694876EA3}.Debug|x64.ActiveCfg = Debug|Any CPU
		{BAD993B4-4F18-49EB-8949-22B694876EA3}.Debug|x64.Build.0 = Debug|Any CPU
		{BAD993B4-4F18-49EB-8949-22B694876EA3}.Debug|x86.ActiveCfg = Debug|Any CPU
		{BAD993B4-4F18-49EB-8949-22B694876EA3}.Debug|x86.Build.0 = Debug|Any CPU
		{BAD993B4-4F18-49EB-8949-22B694876EA3}.Release|Any CPU.ActiveCfg = Release|Any CPU
		{BAD993B4-4F18-49EB-8949-22B694876EA3}.Release|Any CPU.Build.0 = Release|Any CPU
		{BAD993B4-4F18-49EB-8949-22B694876EA3}.Release|x64.ActiveCfg = Release|Any CPU
		{BAD993B4-4F18-49EB-8949-22B694876EA3}.Release|x64.Build.0 = Release|Any CPU
		{BAD993B4-4F18-49EB-8949-22B694876EA3}.Release|x86.ActiveCfg = Release|Any CPU
		{BAD993B4-4F18-49EB-8949-22B694876EA3}.Release|x86.Build.0 = Release|Any CPU
		{BA04B9E5-E0EF-44C2-8308-2E9298E9C9B7}.Debug|Any CPU.ActiveCfg = Debug|Any CPU
		{BA04B9E5-E0EF-44C2-8308-2E9298E9C9B7}.Debug|Any CPU.Build.0 = Debug|Any CPU
		{BA04B9E5-E0EF-44C2-8308-2E9298E9C9B7}.Debug|x64.ActiveCfg = Debug|Any CPU
		{BA04B9E5-E0EF-44C2-8308-2E9298E9C9B7}.Debug|x64.Build.0 = Debug|Any CPU
		{BA04B9E5-E0EF-44C2-8308-2E9298E9C9B7}.Debug|x86.ActiveCfg = Debug|Any CPU
		{BA04B9E5-E0EF-44C2-8308-2E9298E9C9B7}.Debug|x86.Build.0 = Debug|Any CPU
		{BA04B9E5-E0EF-44C2-8308-2E9298E9C9B7}.Release|Any CPU.ActiveCfg = Release|Any CPU
		{BA04B9E5-E0EF-44C2-8308-2E9298E9C9B7}.Release|Any CPU.Build.0 = Release|Any CPU
		{BA04B9E5-E0EF-44C2-8308-2E9298E9C9B7}.Release|x64.ActiveCfg = Release|Any CPU
		{BA04B9E5-E0EF-44C2-8308-2E9298E9C9B7}.Release|x64.Build.0 = Release|Any CPU
		{BA04B9E5-E0EF-44C2-8308-2E9298E9C9B7}.Release|x86.ActiveCfg = Release|Any CPU
		{BA04B9E5-E0EF-44C2-8308-2E9298E9C9B7}.Release|x86.Build.0 = Release|Any CPU
		{32C33475-CD29-4327-A0DB-17E87CF8D160}.Debug|Any CPU.ActiveCfg = Debug|Any CPU
		{32C33475-CD29-4327-A0DB-17E87CF8D160}.Debug|Any CPU.Build.0 = Debug|Any CPU
		{32C33475-CD29-4327-A0DB-17E87CF8D160}.Debug|x64.ActiveCfg = Debug|Any CPU
		{32C33475-CD29-4327-A0DB-17E87CF8D160}.Debug|x64.Build.0 = Debug|Any CPU
		{32C33475-CD29-4327-A0DB-17E87CF8D160}.Debug|x86.ActiveCfg = Debug|Any CPU
		{32C33475-CD29-4327-A0DB-17E87CF8D160}.Debug|x86.Build.0 = Debug|Any CPU
		{32C33475-CD29-4327-A0DB-17E87CF8D160}.Release|Any CPU.ActiveCfg = Release|Any CPU
		{32C33475-CD29-4327-A0DB-17E87CF8D160}.Release|Any CPU.Build.0 = Release|Any CPU
		{32C33475-CD29-4327-A0DB-17E87CF8D160}.Release|x64.ActiveCfg = Release|Any CPU
		{32C33475-CD29-4327-A0DB-17E87CF8D160}.Release|x64.Build.0 = Release|Any CPU
		{32C33475-CD29-4327-A0DB-17E87CF8D160}.Release|x86.ActiveCfg = Release|Any CPU
		{32C33475-CD29-4327-A0DB-17E87CF8D160}.Release|x86.Build.0 = Release|Any CPU
		{0D7AC947-F4D5-440A-B102-1BD62DFFA61D}.Debug|Any CPU.ActiveCfg = Debug|Any CPU
		{0D7AC947-F4D5-440A-B102-1BD62DFFA61D}.Debug|Any CPU.Build.0 = Debug|Any CPU
		{0D7AC947-F4D5-440A-B102-1BD62DFFA61D}.Debug|x64.ActiveCfg = Debug|Any CPU
		{0D7AC947-F4D5-440A-B102-1BD62DFFA61D}.Debug|x64.Build.0 = Debug|Any CPU
		{0D7AC947-F4D5-440A-B102-1BD62DFFA61D}.Debug|x86.ActiveCfg = Debug|Any CPU
		{0D7AC947-F4D5-440A-B102-1BD62DFFA61D}.Debug|x86.Build.0 = Debug|Any CPU
		{0D7AC947-F4D5-440A-B102-1BD62DFFA61D}.Release|Any CPU.ActiveCfg = Release|Any CPU
		{0D7AC947-F4D5-440A-B102-1BD62DFFA61D}.Release|Any CPU.Build.0 = Release|Any CPU
		{0D7AC947-F4D5-440A-B102-1BD62DFFA61D}.Release|x64.ActiveCfg = Release|Any CPU
		{0D7AC947-F4D5-440A-B102-1BD62DFFA61D}.Release|x64.Build.0 = Release|Any CPU
		{0D7AC947-F4D5-440A-B102-1BD62DFFA61D}.Release|x86.ActiveCfg = Release|Any CPU
		{0D7AC947-F4D5-440A-B102-1BD62DFFA61D}.Release|x86.Build.0 = Release|Any CPU
	EndGlobalSection
EndGlobal
